
Microsoft Visual Studio Solution File, Format Version 12.00
# Visual Studio 15
VisualStudioVersion = 15.0.28307.136
MinimumVisualStudioVersion = 10.0.40219.1
Project("{FAE04EC0-301F-11D3-BF4B-00C04F79EFBC}") = "TeamProject", "TeamProject\TeamProject.csproj", "{4AE09794-D468-47DB-A2B2-180EC0381E31}"
EndProject
Global
	GlobalSection(SolutionConfigurationPlatforms) = preSolution
		Debug|Any CPU = Debug|Any CPU
		Release|Any CPU = Release|Any CPU
	EndGlobalSection
	GlobalSection(ProjectConfigurationPlatforms) = postSolution
		{4AE09794-D468-47DB-A2B2-180EC0381E31}.Debug|Any CPU.ActiveCfg = Debug|Any CPU
		{4AE09794-D468-47DB-A2B2-180EC0381E31}.Debug|Any CPU.Build.0 = Debug|Any CPU
		{4AE09794-D468-47DB-A2B2-180EC0381E31}.Release|Any CPU.ActiveCfg = Release|Any CPU
		{4AE09794-D468-47DB-A2B2-180EC0381E31}.Release|Any CPU.Build.0 = Release|Any CPU
	EndGlobalSection
	GlobalSection(SolutionProperties) = preSolution
		HideSolutionNode = FALSE
	EndGlobalSection
	GlobalSection(ExtensibilityGlobals) = postSolution
		SolutionGuid = {929D541A-5457-470D-8874-5FD32B684E26}
	EndGlobalSection
EndGlobal
